// !$*UTF8*$!
{
	archiveVersion = 1;
	classes = {
	};
	objectVersion = 55;
	objects = {

/* Begin PBXBuildFile section */
		6EA43999283FD38C0033D561 /* ContactListChellengeApp.swift in Sources */ = {isa = PBXBuildFile; fileRef = 6EA43998283FD38C0033D561 /* ContactListChellengeApp.swift */; };
		6EA4399B283FD38C0033D561 /* ContentView.swift in Sources */ = {isa = PBXBuildFile; fileRef = 6EA4399A283FD38C0033D561 /* ContentView.swift */; };
		6EA4399D283FD38F0033D561 /* Assets.xcassets in Resources */ = {isa = PBXBuildFile; fileRef = 6EA4399C283FD38F0033D561 /* Assets.xcassets */; };
		6EA439A0283FD38F0033D561 /* Preview Assets.xcassets in Resources */ = {isa = PBXBuildFile; fileRef = 6EA4399F283FD38F0033D561 /* Preview Assets.xcassets */; };
		6EA439A2283FD38F0033D561 /* Persistence.swift in Sources */ = {isa = PBXBuildFile; fileRef = 6EA439A1283FD38F0033D561 /* Persistence.swift */; };
		6EA439A5283FD38F0033D561 /* ContactListChellenge.xcdatamodeld in Sources */ = {isa = PBXBuildFile; fileRef = 6EA439A3283FD38F0033D561 /* ContactListChellenge.xcdatamodeld */; };
		6EA439AF283FD38F0033D561 /* ContactListChellengeTests.swift in Sources */ = {isa = PBXBuildFile; fileRef = 6EA439AE283FD38F0033D561 /* ContactListChellengeTests.swift */; };
		6EA439B9283FD38F0033D561 /* ContactListChellengeUITests.swift in Sources */ = {isa = PBXBuildFile; fileRef = 6EA439B8283FD38F0033D561 /* ContactListChellengeUITests.swift */; };
		6EA439BB283FD38F0033D561 /* ContactListChellengeUITestsLaunchTests.swift in Sources */ = {isa = PBXBuildFile; fileRef = 6EA439BA283FD38F0033D561 /* ContactListChellengeUITestsLaunchTests.swift */; };
/* End PBXBuildFile section */

/* Begin PBXContainerItemProxy section */
		6EA439AB283FD38F0033D561 /* PBXContainerItemProxy */ = {
			isa = PBXContainerItemProxy;
			containerPortal = 6EA4398D283FD38C0033D561 /* Project object */;
			proxyType = 1;
			remoteGlobalIDString = 6EA43994283FD38C0033D561;
			remoteInfo = ContactListChellenge;
		};
		6EA439B5283FD38F0033D561 /* PBXContainerItemProxy */ = {
			isa = PBXContainerItemProxy;
			containerPortal = 6EA4398D283FD38C0033D561 /* Project object */;
			proxyType = 1;
			remoteGlobalIDString = 6EA43994283FD38C0033D561;
			remoteInfo = ContactListChellenge;
		};
/* End PBXContainerItemProxy section */

/* Begin PBXFileReference section */
		6EA43995283FD38C0033D561 /* ContactListChellenge.app */ = {isa = PBXFileReference; explicitFileType = wrapper.application; includeInIndex = 0; path = ContactListChellenge.app; sourceTree = BUILT_PRODUCTS_DIR; };
		6EA43998283FD38C0033D561 /* ContactListChellengeApp.swift */ = {isa = PBXFileReference; lastKnownFileType = sourcecode.swift; path = ContactListChellengeApp.swift; sourceTree = "<group>"; };
		6EA4399A283FD38C0033D561 /* ContentView.swift */ = {isa = PBXFileReference; lastKnownFileType = sourcecode.swift; path = ContentView.swift; sourceTree = "<group>"; };
		6EA4399C283FD38F0033D561 /* Assets.xcassets */ = {isa = PBXFileReference; lastKnownFileType = folder.assetcatalog; path = Assets.xcassets; sourceTree = "<group>"; };
		6EA4399F283FD38F0033D561 /* Preview Assets.xcassets */ = {isa = PBXFileReference; lastKnownFileType = folder.assetcatalog; path = "Preview Assets.xcassets"; sourceTree = "<group>"; };
		6EA439A1283FD38F0033D561 /* Persistence.swift */ = {isa = PBXFileReference; lastKnownFileType = sourcecode.swift; path = Persistence.swift; sourceTree = "<group>"; };
		6EA439A4283FD38F0033D561 /* ContactListChellenge.xcdatamodel */ = {isa = PBXFileReference; lastKnownFileType = wrapper.xcdatamodel; path = ContactListChellenge.xcdatamodel; sourceTree = "<group>"; };
		6EA439AA283FD38F0033D561 /* ContactListChellengeTests.xctest */ = {isa = PBXFileReference; explicitFileType = wrapper.cfbundle; includeInIndex = 0; path = ContactListChellengeTests.xctest; sourceTree = BUILT_PRODUCTS_DIR; };
		6EA439AE283FD38F0033D561 /* ContactListChellengeTests.swift */ = {isa = PBXFileReference; lastKnownFileType = sourcecode.swift; path = ContactListChellengeTests.swift; sourceTree = "<group>"; };
		6EA439B4283FD38F0033D561 /* ContactListChellengeUITests.xctest */ = {isa = PBXFileReference; explicitFileType = wrapper.cfbundle; includeInIndex = 0; path = ContactListChellengeUITests.xctest; sourceTree = BUILT_PRODUCTS_DIR; };
		6EA439B8283FD38F0033D561 /* ContactListChellengeUITests.swift */ = {isa = PBXFileReference; lastKnownFileType = sourcecode.swift; path = ContactListChellengeUITests.swift; sourceTree = "<group>"; };
		6EA439BA283FD38F0033D561 /* ContactListChellengeUITestsLaunchTests.swift */ = {isa = PBXFileReference; lastKnownFileType = sourcecode.swift; path = ContactListChellengeUITestsLaunchTests.swift; sourceTree = "<group>"; };
/* End PBXFileReference section */

/* Begin PBXFrameworksBuildPhase section */
		6EA43992283FD38C0033D561 /* Frameworks */ = {
			isa = PBXFrameworksBuildPhase;
			buildActionMask = 2147483647;
			files = (
			);
			runOnlyForDeploymentPostprocessing = 0;
		};
		6EA439A7283FD38F0033D561 /* Frameworks */ = {
			isa = PBXFrameworksBuildPhase;
			buildActionMask = 2147483647;
			files = (
			);
			runOnlyForDeploymentPostprocessing = 0;
		};
		6EA439B1283FD38F0033D561 /* Frameworks */ = {
			isa = PBXFrameworksBuildPhase;
			buildActionMask = 2147483647;
			files = (
			);
			runOnlyForDeploymentPostprocessing = 0;
		};
/* End PBXFrameworksBuildPhase section */

/* Begin PBXGroup section */
		6EA4398C283FD38C0033D561 = {
			isa = PBXGroup;
			children = (
				6EA43997283FD38C0033D561 /* ContactListChellenge */,
				6EA439AD283FD38F0033D561 /* ContactListChellengeTests */,
				6EA439B7283FD38F0033D561 /* ContactListChellengeUITests */,
				6EA43996283FD38C0033D561 /* Products */,
			);
			sourceTree = "<group>";
		};
		6EA43996283FD38C0033D561 /* Products */ = {
			isa = PBXGroup;
			children = (
				6EA43995283FD38C0033D561 /* ContactListChellenge.app */,
				6EA439AA283FD38F0033D561 /* ContactListChellengeTests.xctest */,
				6EA439B4283FD38F0033D561 /* ContactListChellengeUITests.xctest */,
			);
			name = Products;
			sourceTree = "<group>";
		};
		6EA43997283FD38C0033D561 /* ContactListChellenge */ = {
			isa = PBXGroup;
			children = (
				6EA43998283FD38C0033D561 /* ContactListChellengeApp.swift */,
				6EA4399A283FD38C0033D561 /* ContentView.swift */,
				6EA4399C283FD38F0033D561 /* Assets.xcassets */,
				6EA439A1283FD38F0033D561 /* Persistence.swift */,
				6EA439A3283FD38F0033D561 /* ContactListChellenge.xcdatamodeld */,
				6EA4399E283FD38F0033D561 /* Preview Content */,
			);
			path = ContactListChellenge;
			sourceTree = "<group>";
		};
		6EA4399E283FD38F0033D561 /* Preview Content */ = {
			isa = PBXGroup;
			children = (
				6EA4399F283FD38F0033D561 /* Preview Assets.xcassets */,
			);
			path = "Preview Content";
			sourceTree = "<group>";
		};
		6EA439AD283FD38F0033D561 /* ContactListChellengeTests */ = {
			isa = PBXGroup;
			children = (
				6EA439AE283FD38F0033D561 /* ContactListChellengeTests.swift */,
			);
			path = ContactListChellengeTests;
			sourceTree = "<group>";
		};
		6EA439B7283FD38F0033D561 /* ContactListChellengeUITests */ = {
			isa = PBXGroup;
			children = (
				6EA439B8283FD38F0033D561 /* ContactListChellengeUITests.swift */,
				6EA439BA283FD38F0033D561 /* ContactListChellengeUITestsLaunchTests.swift */,
			);
			path = ContactListChellengeUITests;
			sourceTree = "<group>";
		};
/* End PBXGroup section */

/* Begin PBXNativeTarget section */
		6EA43994283FD38C0033D561 /* ContactListChellenge */ = {
			isa = PBXNativeTarget;
			buildConfigurationList = 6EA439BE283FD38F0033D561 /* Build configuration list for PBXNativeTarget "ContactListChellenge" */;
			buildPhases = (
				6EA43991283FD38C0033D561 /* Sources */,
				6EA43992283FD38C0033D561 /* Frameworks */,
				6EA43993283FD38C0033D561 /* Resources */,
			);
			buildRules = (
			);
			dependencies = (
			);
			name = ContactListChellenge;
			productName = ContactListChellenge;
			productReference = 6EA43995283FD38C0033D561 /* ContactListChellenge.app */;
			productType = "com.apple.product-type.application";
		};
		6EA439A9283FD38F0033D561 /* ContactListChellengeTests */ = {
			isa = PBXNativeTarget;
			buildConfigurationList = 6EA439C1283FD38F0033D561 /* Build configuration list for PBXNativeTarget "ContactListChellengeTests" */;
			buildPhases = (
				6EA439A6283FD38F0033D561 /* Sources */,
				6EA439A7283FD38F0033D561 /* Frameworks */,
				6EA439A8283FD38F0033D561 /* Resources */,
			);
			buildRules = (
			);
			dependencies = (
				6EA439AC283FD38F0033D561 /* PBXTargetDependency */,
			);
			name = ContactListChellengeTests;
			productName = ContactListChellengeTests;
			productReference = 6EA439AA283FD38F0033D561 /* ContactListChellengeTests.xctest */;
			productType = "com.apple.product-type.bundle.unit-test";
		};
		6EA439B3283FD38F0033D561 /* ContactListChellengeUITests */ = {
			isa = PBXNativeTarget;
			buildConfigurationList = 6EA439C4283FD38F0033D561 /* Build configuration list for PBXNativeTarget "ContactListChellengeUITests" */;
			buildPhases = (
				6EA439B0283FD38F0033D561 /* Sources */,
				6EA439B1283FD38F0033D561 /* Frameworks */,
				6EA439B2283FD38F0033D561 /* Resources */,
			);
			buildRules = (
			);
			dependencies = (
				6EA439B6283FD38F0033D561 /* PBXTargetDependency */,
			);
			name = ContactListChellengeUITests;
			productName = ContactListChellengeUITests;
			productReference = 6EA439B4283FD38F0033D561 /* ContactListChellengeUITests.xctest */;
			productType = "com.apple.product-type.bundle.ui-testing";
		};
/* End PBXNativeTarget section */

/* Begin PBXProject section */
		6EA4398D283FD38C0033D561 /* Project object */ = {
			isa = PBXProject;
			attributes = {
				BuildIndependentTargetsInParallel = 1;
				LastSwiftUpdateCheck = 1320;
				LastUpgradeCheck = 1320;
				TargetAttributes = {
					6EA43994283FD38C0033D561 = {
						CreatedOnToolsVersion = 13.2.1;
					};
					6EA439A9283FD38F0033D561 = {
						CreatedOnToolsVersion = 13.2.1;
						TestTargetID = 6EA43994283FD38C0033D561;
					};
					6EA439B3283FD38F0033D561 = {
						CreatedOnToolsVersion = 13.2.1;
						TestTargetID = 6EA43994283FD38C0033D561;
					};
				};
			};
			buildConfigurationList = 6EA43990283FD38C0033D561 /* Build configuration list for PBXProject "ContactListChellenge" */;
			compatibilityVersion = "Xcode 13.0";
			developmentRegion = en;
			hasScannedForEncodings = 0;
			knownRegions = (
				en,
				Base,
			);
			mainGroup = 6EA4398C283FD38C0033D561;
			productRefGroup = 6EA43996283FD38C0033D561 /* Products */;
			projectDirPath = "";
			projectRoot = "";
			targets = (
				6EA43994283FD38C0033D561 /* ContactListChellenge */,
				6EA439A9283FD38F0033D561 /* ContactListChellengeTests */,
				6EA439B3283FD38F0033D561 /* ContactListChellengeUITests */,
			);
		};
/* End PBXProject section */

/* Begin PBXResourcesBuildPhase section */
		6EA43993283FD38C0033D561 /* Resources */ = {
			isa = PBXResourcesBuildPhase;
			buildActionMask = 2147483647;
			files = (
				6EA439A0283FD38F0033D561 /* Preview Assets.xcassets in Resources */,
				6EA4399D283FD38F0033D561 /* Assets.xcassets in Resources */,
			);
			runOnlyForDeploymentPostprocessing = 0;
		};
		6EA439A8283FD38F0033D561 /* Resources */ = {
			isa = PBXResourcesBuildPhase;
			buildActionMask = 2147483647;
			files = (
			);
			runOnlyForDeploymentPostprocessing = 0;
		};
		6EA439B2283FD38F0033D561 /* Resources */ = {
			isa = PBXResourcesBuildPhase;
			buildActionMask = 2147483647;
			files = (
			);
			runOnlyForDeploymentPostprocessing = 0;
		};
/* End PBXResourcesBuildPhase section */

/* Begin PBXSourcesBuildPhase section */
		6EA43991283FD38C0033D561 /* Sources */ = {
			isa = PBXSourcesBuildPhase;
			buildActionMask = 2147483647;
			files = (
				6EA439A5283FD38F0033D561 /* ContactListChellenge.xcdatamodeld in Sources */,
				6EA439A2283FD38F0033D561 /* Persistence.swift in Sources */,
				6EA4399B283FD38C0033D561 /* ContentView.swift in Sources */,
				6EA43999283FD38C0033D561 /* ContactListChellengeApp.swift in Sources */,
			);
			runOnlyForDeploymentPostprocessing = 0;
		};
		6EA439A6283FD38F0033D561 /* Sources */ = {
			isa = PBXSourcesBuildPhase;
			buildActionMask = 2147483647;
			files = (
				6EA439AF283FD38F0033D561 /* ContactListChellengeTests.swift in Sources */,
			);
			runOnlyForDeploymentPostprocessing = 0;
		};
		6EA439B0283FD38F0033D561 /* Sources */ = {
			isa = PBXSourcesBuildPhase;
			buildActionMask = 2147483647;
			files = (
				6EA439B9283FD38F0033D561 /* ContactListChellengeUITests.swift in Sources */,
				6EA439BB283FD38F0033D561 /* ContactListChellengeUITestsLaunchTests.swift in Sources */,
			);
			runOnlyForDeploymentPostprocessing = 0;
		};
/* End PBXSourcesBuildPhase section */

/* Begin PBXTargetDependency section */
		6EA439AC283FD38F0033D561 /* PBXTargetDependency */ = {
			isa = PBXTargetDependency;
			target = 6EA43994283FD38C0033D561 /* ContactListChellenge */;
			targetProxy = 6EA439AB283FD38F0033D561 /* PBXContainerItemProxy */;
		};
		6EA439B6283FD38F0033D561 /* PBXTargetDependency */ = {
			isa = PBXTargetDependency;
			target = 6EA43994283FD38C0033D561 /* ContactListChellenge */;
			targetProxy = 6EA439B5283FD38F0033D561 /* PBXContainerItemProxy */;
		};
/* End PBXTargetDependency section */

/* Begin XCBuildConfiguration section */
		6EA439BC283FD38F0033D561 /* Debug */ = {
			isa = XCBuildConfiguration;
			buildSettings = {
				ALWAYS_SEARCH_USER_PATHS = NO;
				CLANG_ANALYZER_NONNULL = YES;
				CLANG_ANALYZER_NUMBER_OBJECT_CONVERSION = YES_AGGRESSIVE;
				CLANG_CXX_LANGUAGE_STANDARD = "gnu++17";
				CLANG_CXX_LIBRARY = "libc++";
				CLANG_ENABLE_MODULES = YES;
				CLANG_ENABLE_OBJC_ARC = YES;
				CLANG_ENABLE_OBJC_WEAK = YES;
				CLANG_WARN_BLOCK_CAPTURE_AUTORELEASING = YES;
				CLANG_WARN_BOOL_CONVERSION = YES;
				CLANG_WARN_COMMA = YES;
				CLANG_WARN_CONSTANT_CONVERSION = YES;
				CLANG_WARN_DEPRECATED_OBJC_IMPLEMENTATIONS = YES;
				CLANG_WARN_DIRECT_OBJC_ISA_USAGE = YES_ERROR;
				CLANG_WARN_DOCUMENTATION_COMMENTS = YES;
				CLANG_WARN_EMPTY_BODY = YES;
				CLANG_WARN_ENUM_CONVERSION = YES;
				CLANG_WARN_INFINITE_RECURSION = YES;
				CLANG_WARN_INT_CONVERSION = YES;
				CLANG_WARN_NON_LITERAL_NULL_CONVERSION = YES;
				CLANG_WARN_OBJC_IMPLICIT_RETAIN_SELF = YES;
				CLANG_WARN_OBJC_LITERAL_CONVERSION = YES;
				CLANG_WARN_OBJC_ROOT_CLASS = YES_ERROR;
				CLANG_WARN_QUOTED_INCLUDE_IN_FRAMEWORK_HEADER = YES;
				CLANG_WARN_RANGE_LOOP_ANALYSIS = YES;
				CLANG_WARN_STRICT_PROTOTYPES = YES;
				CLANG_WARN_SUSPICIOUS_MOVE = YES;
				CLANG_WARN_UNGUARDED_AVAILABILITY = YES_AGGRESSIVE;
				CLANG_WARN_UNREACHABLE_CODE = YES;
				CLANG_WARN__DUPLICATE_METHOD_MATCH = YES;
				COPY_PHASE_STRIP = NO;
				DEBUG_INFORMATION_FORMAT = dwarf;
				ENABLE_STRICT_OBJC_MSGSEND = YES;
				ENABLE_TESTABILITY = YES;
				GCC_C_LANGUAGE_STANDARD = gnu11;
				GCC_DYNAMIC_NO_PIC = NO;
				GCC_NO_COMMON_BLOCKS = YES;
				GCC_OPTIMIZATION_LEVEL = 0;
				GCC_PREPROCESSOR_DEFINITIONS = (
					"DEBUG=1",
					"$(inherited)",
				);
				GCC_WARN_64_TO_32_BIT_CONVERSION = YES;
				GCC_WARN_ABOUT_RETURN_TYPE = YES_ERROR;
				GCC_WARN_UNDECLARED_SELECTOR = YES;
				GCC_WARN_UNINITIALIZED_AUTOS = YES_AGGRESSIVE;
				GCC_WARN_UNUSED_FUNCTION = YES;
				GCC_WARN_UNUSED_VARIABLE = YES;
				IPHONEOS_DEPLOYMENT_TARGET = 15.2;
				MTL_ENABLE_DEBUG_INFO = INCLUDE_SOURCE;
				MTL_FAST_MATH = YES;
				ONLY_ACTIVE_ARCH = YES;
				SDKROOT = iphoneos;
				SWIFT_ACTIVE_COMPILATION_CONDITIONS = DEBUG;
				SWIFT_OPTIMIZATION_LEVEL = "-Onone";
			};
			name = Debug;
		};
		6EA439BD283FD38F0033D561 /* Release */ = {
			isa = XCBuildConfiguration;
			buildSettings = {
				ALWAYS_SEARCH_USER_PATHS = NO;
				CLANG_ANALYZER_NONNULL = YES;
				CLANG_ANALYZER_NUMBER_OBJECT_CONVERSION = YES_AGGRESSIVE;
				CLANG_CXX_LANGUAGE_STANDARD = "gnu++17";
				CLANG_CXX_LIBRARY = "libc++";
				CLANG_ENABLE_MODULES = YES;
				CLANG_ENABLE_OBJC_ARC = YES;
				CLANG_ENABLE_OBJC_WEAK = YES;
				CLANG_WARN_BLOCK_CAPTURE_AUTORELEASING = YES;
				CLANG_WARN_BOOL_CONVERSION = YES;
				CLANG_WARN_COMMA = YES;
				CLANG_WARN_CONSTANT_CONVERSION = YES;
				CLANG_WARN_DEPRECATED_OBJC_IMPLEMENTATIONS = YES;
				CLANG_WARN_DIRECT_OBJC_ISA_USAGE = YES_ERROR;
				CLANG_WARN_DOCUMENTATION_COMMENTS = YES;
				CLANG_WARN_EMPTY_BODY = YES;
				CLANG_WARN_ENUM_CONVERSION = YES;
				CLANG_WARN_INFINITE_RECURSION = YES;
				CLANG_WARN_INT_CONVERSION = YES;
				CLANG_WARN_NON_LITERAL_NULL_CONVERSION = YES;
				CLANG_WARN_OBJC_IMPLICIT_RETAIN_SELF = YES;
				CLANG_WARN_OBJC_LITERAL_CONVERSION = YES;
				CLANG_WARN_OBJC_ROOT_CLASS = YES_ERROR;
				CLANG_WARN_QUOTED_INCLUDE_IN_FRAMEWORK_HEADER = YES;
				CLANG_WARN_RANGE_LOOP_ANALYSIS = YES;
				CLANG_WARN_STRICT_PROTOTYPES = YES;
				CLANG_WARN_SUSPICIOUS_MOVE = YES;
				CLANG_WARN_UNGUARDED_AVAILABILITY = YES_AGGRESSIVE;
				CLANG_WARN_UNREACHABLE_CODE = YES;
				CLANG_WARN__DUPLICATE_METHOD_MATCH = YES;
				COPY_PHASE_STRIP = NO;
				DEBUG_INFORMATION_FORMAT = "dwarf-with-dsym";
				ENABLE_NS_ASSERTIONS = NO;
				ENABLE_STRICT_OBJC_MSGSEND = YES;
				GCC_C_LANGUAGE_STANDARD = gnu11;
				GCC_NO_COMMON_BLOCKS = YES;
				GCC_WARN_64_TO_32_BIT_CONVERSION = YES;
				GCC_WARN_ABOUT_RETURN_TYPE = YES_ERROR;
				GCC_WARN_UNDECLARED_SELECTOR = YES;
				GCC_WARN_UNINITIALIZED_AUTOS = YES_AGGRESSIVE;
				GCC_WARN_UNUSED_FUNCTION = YES;
				GCC_WARN_UNUSED_VARIABLE = YES;
				IPHONEOS_DEPLOYMENT_TARGET = 15.2;
				MTL_ENABLE_DEBUG_INFO = NO;
				MTL_FAST_MATH = YES;
				SDKROOT = iphoneos;
				SWIFT_COMPILATION_MODE = wholemodule;
				SWIFT_OPTIMIZATION_LEVEL = "-O";
				VALIDATE_PRODUCT = YES;
			};
			name = Release;
		};
		6EA439BF283FD38F0033D561 /* Debug */ = {
			isa = XCBuildConfiguration;
			buildSettings = {
				ASSETCATALOG_COMPILER_APPICON_NAME = AppIcon;
				ASSETCATALOG_COMPILER_GLOBAL_ACCENT_COLOR_NAME = AccentColor;
				CODE_SIGN_STYLE = Automatic;
				CURRENT_PROJECT_VERSION = 1;
				DEVELOPMENT_ASSET_PATHS = "\"ContactListChellenge/Preview Content\"";
				ENABLE_PREVIEWS = YES;
				GENERATE_INFOPLIST_FILE = YES;
				INFOPLIST_KEY_UIApplicationSceneManifest_Generation = YES;
				INFOPLIST_KEY_UIApplicationSupportsIndirectInputEvents = YES;
				INFOPLIST_KEY_UILaunchScreen_Generation = YES;
				INFOPLIST_KEY_UISupportedInterfaceOrientations_iPad = "UIInterfaceOrientationPortrait UIInterfaceOrientationPortraitUpsideDown UIInterfaceOrientationLandscapeLeft UIInterfaceOrientationLandscapeRight";
				INFOPLIST_KEY_UISupportedInterfaceOrientations_iPhone = "UIInterfaceOrientationPortrait UIInterfaceOrientationLandscapeLeft UIInterfaceOrientationLandscapeRight";
				LD_RUNPATH_SEARCH_PATHS = (
					"$(inherited)",
					"@executable_path/Frameworks",
				);
				MARKETING_VERSION = 1.0;
				PRODUCT_BUNDLE_IDENTIFIER = com.binaracademyChallenge.ContactListChellenge;
				PRODUCT_NAME = "$(TARGET_NAME)";
				SWIFT_EMIT_LOC_STRINGS = YES;
				SWIFT_VERSION = 5.0;
				TARGETED_DEVICE_FAMILY = "1,2";
			};
			name = Debug;
		};
		6EA439C0283FD38F0033D561 /* Release */ = {
			isa = XCBuildConfiguration;
			buildSettings = {
				ASSETCATALOG_COMPILER_APPICON_NAME = AppIcon;
				ASSETCATALOG_COMPILER_GLOBAL_ACCENT_COLOR_NAME = AccentColor;
				CODE_SIGN_STYLE = Automatic;
				CURRENT_PROJECT_VERSION = 1;
				DEVELOPMENT_ASSET_PATHS = "\"ContactListChellenge/Preview Content\"";
				ENABLE_PREVIEWS = YES;
				GENERATE_INFOPLIST_FILE = YES;
				INFOPLIST_KEY_UIApplicationSceneManifest_Generation = YES;
				INFOPLIST_KEY_UIApplicationSupportsIndirectInputEvents = YES;
				INFOPLIST_KEY_UILaunchScreen_Generation = YES;
				INFOPLIST_KEY_UISupportedInterfaceOrientations_iPad = "UIInterfaceOrientationPortrait UIInterfaceOrientationPortraitUpsideDown UIInterfaceOrientationLandscapeLeft UIInterfaceOrientationLandscapeRight";
				INFOPLIST_KEY_UISupportedInterfaceOrientations_iPhone = "UIInterfaceOrientationPortrait UIInterfaceOrientationLandscapeLeft UIInterfaceOrientationLandscapeRight";
				LD_RUNPATH_SEARCH_PATHS = (
					"$(inherited)",
					"@executable_path/Frameworks",
				);
				MARKETING_VERSION = 1.0;
				PRODUCT_BUNDLE_IDENTIFIER = com.binaracademyChallenge.ContactListChellenge;
				PRODUCT_NAME = "$(TARGET_NAME)";
				SWIFT_EMIT_LOC_STRINGS = YES;
				SWIFT_VERSION = 5.0;
				TARGETED_DEVICE_FAMILY = "1,2";
			};
			name = Release;
		};
		6EA439C2283FD38F0033D561 /* Debug */ = {
			isa = XCBuildConfiguration;
			buildSettings = {
				ALWAYS_EMBED_SWIFT_STANDARD_LIBRARIES = YES;
				BUNDLE_LOADER = "$(TEST_HOST)";
				CODE_SIGN_STYLE = Automatic;
				CURRENT_PROJECT_VERSION = 1;
				GENERATE_INFOPLIST_FILE = YES;
				IPHONEOS_DEPLOYMENT_TARGET = 15.2;
				MARKETING_VERSION = 1.0;
				PRODUCT_BUNDLE_IDENTIFIER = com.binaracademyChallenge.ContactListChellengeTests;
				PRODUCT_NAME = "$(TARGET_NAME)";
				SWIFT_EMIT_LOC_STRINGS = NO;
				SWIFT_VERSION = 5.0;
				TARGETED_DEVICE_FAMILY = "1,2";
				TEST_HOST = "$(BUILT_PRODUCTS_DIR)/ContactListChellenge.app/ContactListChellenge";
			};
			name = Debug;
		};
		6EA439C3283FD38F0033D561 /* Release */ = {
			isa = XCBuildConfiguration;
			buildSettings = {
				ALWAYS_EMBED_SWIFT_STANDARD_LIBRARIES = YES;
				BUNDLE_LOADER = "$(TEST_HOST)";
				CODE_SIGN_STYLE = Automatic;
				CURRENT_PROJECT_VERSION = 1;
				GENERATE_INFOPLIST_FILE = YES;
				IPHONEOS_DEPLOYMENT_TARGET = 15.2;
				MARKETING_VERSION = 1.0;
				PRODUCT_BUNDLE_IDENTIFIER = com.binaracademyChallenge.ContactListChellengeTests;
				PRODUCT_NAME = "$(TARGET_NAME)";
				SWIFT_EMIT_LOC_STRINGS = NO;
				SWIFT_VERSION = 5.0;
				TARGETED_DEVICE_FAMILY = "1,2";
				TEST_HOST = "$(BUILT_PRODUCTS_DIR)/ContactListChellenge.app/ContactListChellenge";
			};
			name = Release;
		};
		6EA439C5283FD38F0033D561 /* Debug */ = {
			isa = XCBuildConfiguration;
			buildSettings = {
				ALWAYS_EMBED_SWIFT_STANDARD_LIBRARIES = YES;
				CODE_SIGN_STYLE = Automatic;
				CURRENT_PROJECT_VERSION = 1;
				GENERATE_INFOPLIST_FILE = YES;
				MARKETING_VERSION = 1.0;
				PRODUCT_BUNDLE_IDENTIFIER = com.binaracademyChallenge.ContactListChellengeUITests;
				PRODUCT_NAME = "$(TARGET_NAME)";
				SWIFT_EMIT_LOC_STRINGS = NO;
				SWIFT_VERSION = 5.0;
				TARGETED_DEVICE_FAMILY = "1,2";
				TEST_TARGET_NAME = ContactListChellenge;
			};
			name = Debug;
		};
		6EA439C6283FD38F0033D561 /* Release */ = {
			isa = XCBuildConfiguration;
			buildSettings = {
				ALWAYS_EMBED_SWIFT_STANDARD_LIBRARIES = YES;
				CODE_SIGN_STYLE = Automatic;
				CURRENT_PROJECT_VERSION = 1;
				GENERATE_INFOPLIST_FILE = YES;
				MARKETING_VERSION = 1.0;
				PRODUCT_BUNDLE_IDENTIFIER = com.binaracademyChallenge.ContactListChellengeUITests;
				PRODUCT_NAME = "$(TARGET_NAME)";
				SWIFT_EMIT_LOC_STRINGS = NO;
				SWIFT_VERSION = 5.0;
				TARGETED_DEVICE_FAMILY = "1,2";
				TEST_TARGET_NAME = ContactListChellenge;
			};
			name = Release;
		};
/* End XCBuildConfiguration section */

/* Begin XCConfigurationList section */
		6EA43990283FD38C0033D561 /* Build configuration list for PBXProject "ContactListChellenge" */ = {
			isa = XCConfigurationList;
			buildConfigurations = (
				6EA439BC283FD38F0033D561 /* Debug */,
				6EA439BD283FD38F0033D561 /* Release */,
			);
			defaultConfigurationIsVisible = 0;
			defaultConfigurationName = Release;
		};
		6EA439BE283FD38F0033D561 /* Build configuration list for PBXNativeTarget "ContactListChellenge" */ = {
			isa = XCConfigurationList;
			buildConfigurations = (
				6EA439BF283FD38F0033D561 /* Debug */,
				6EA439C0283FD38F0033D561 /* Release */,
			);
			defaultConfigurationIsVisible = 0;
			defaultConfigurationName = Release;
		};
		6EA439C1283FD38F0033D561 /* Build configuration list for PBXNativeTarget "ContactListChellengeTests" */ = {
			isa = XCConfigurationList;
			buildConfigurations = (
				6EA439C2283FD38F0033D561 /* Debug */,
				6EA439C3283FD38F0033D561 /* Release */,
			);
			defaultConfigurationIsVisible = 0;
			defaultConfigurationName = Release;
		};
		6EA439C4283FD38F0033D561 /* Build configuration list for PBXNativeTarget "ContactListChellengeUITests" */ = {
			isa = XCConfigurationList;
			buildConfigurations = (
				6EA439C5283FD38F0033D561 /* Debug */,
				6EA439C6283FD38F0033D561 /* Release */,
			);
			defaultConfigurationIsVisible = 0;
			defaultConfigurationName = Release;
		};
/* End XCConfigurationList section */

/* Begin XCVersionGroup section */
		6EA439A3283FD38F0033D561 /* ContactListChellenge.xcdatamodeld */ = {
			isa = XCVersionGroup;
			children = (
				6EA439A4283FD38F0033D561 /* ContactListChellenge.xcdatamodel */,
			);
			currentVersion = 6EA439A4283FD38F0033D561 /* ContactListChellenge.xcdatamodel */;
			path = ContactListChellenge.xcdatamodeld;
			sourceTree = "<group>";
			versionGroupType = wrapper.xcdatamodel;
		};
/* End XCVersionGroup section */
	};
	rootObject = 6EA4398D283FD38C0033D561 /* Project object */;
}
